{
  "lockfile_version": "1",
  "packages": {
    "github:NixOS/nixpkgs/nixpkgs-unstable": {
      "last_modified": "2025-11-29T02:42:03Z",
      "resolved": "github:NixOS/nixpkgs/59b6c96beacc898566c9be1052ae806f3835f87d?lastModified=1764384123"
    },
    "just-lsp@0.2.8": {
      "last_modified": "2025-11-23T21:50:36Z",
      "resolved": "github:NixOS/nixpkgs/ee09932cedcef15aaf476f9343d1dea2cb77e261#just-lsp",
      "source": "devbox-search",
      "version": "0.2.8",
      "systems": {
        "aarch64-darwin": {
          "outputs": [
            {
              "name": "out",
              "path": "/nix/store/3hrbf120fg4k5kcv4b6kcf07mib5q163-just-lsp-0.2.8",
              "default": true
            }
          ],
          "store_path": "/nix/store/3hrbf120fg4k5kcv4b6kcf07mib5q163-just-lsp-0.2.8"
        },
        "aarch64-linux": {
          "outputs": [
            {
              "name": "out",
              "path": "/nix/store/pry7k04vjpc30rqwkrf8dhfmg7l29zvc-just-lsp-0.2.8",
              "default": true
            }
          ],
          "store_path": "/nix/store/pry7k04vjpc30rqwkrf8dhfmg7l29zvc-just-lsp-0.2.8"
        },
        "x86_64-darwin": {
          "outputs": [
            {
              "name": "out",
              "path": "/nix/store/yzaagq4zm2hjl4jsq5bjs07rw91ihi2f-just-lsp-0.2.8",
              "default": true
            }
          ],
          "store_path": "/nix/store/yzaagq4zm2hjl4jsq5bjs07rw91ihi2f-just-lsp-0.2.8"
        },
        "x86_64-linux": {
          "outputs": [
            {
              "name": "out",
              "path": "/nix/store/x3d57p7hy25zn8rb78kqy6fzgggv9s2q-just-lsp-0.2.8",
              "default": true
            }
          ],
          "store_path": "/nix/store/x3d57p7hy25zn8rb78kqy6fzgggv9s2q-just-lsp-0.2.8"
        }
      }
    },
    "just@1.43.1": {
      "last_modified": "2025-11-23T21:50:36Z",
      "resolved": "github:NixOS/nixpkgs/ee09932cedcef15aaf476f9343d1dea2cb77e261#just",
      "source": "devbox-search",
      "version": "1.43.1",
      "systems": {
        "aarch64-darwin": {
          "outputs": [
            {
              "name": "out",
              "path": "/nix/store/g6cidwix7lzzb0i5lpisvb7gx051qsc1-just-1.43.1",
              "default": true
            },
            {
              "name": "man",
              "path": "/nix/store/y8ggbr7rq06mpqsdckpdsxzhjkspw63g-just-1.43.1-man",
              "default": true
            },
            {
              "name": "doc",
              "path": "/nix/store/g2z02i3a2z17h9cmx04sp7zpzzgzkqh8-just-1.43.1-doc"
            }
          ],
          "store_path": "/nix/store/g6cidwix7lzzb0i5lpisvb7gx051qsc1-just-1.43.1"
        },
        "aarch64-linux": {
          "outputs": [
            {
              "name": "out",
              "path": "/nix/store/ni4jn8rsn0h49lng7hdq6584zc4gpy9l-just-1.43.1",
              "default": true
            },
            {
              "name": "man",
              "path": "/nix/store/59aflmjxv0qbkaqzmjni4yydg873dl5v-just-1.43.1-man",
              "default": true
            },
            {
              "name": "doc",
              "path": "/nix/store/99qn6axss3rk7c681rkhj9zza0ax2i74-just-1.43.1-doc"
            }
          ],
          "store_path": "/nix/store/ni4jn8rsn0h49lng7hdq6584zc4gpy9l-just-1.43.1"
        },
        "x86_64-darwin": {
          "outputs": [
            {
              "name": "out",
              "path": "/nix/store/aa9459rdk1lzj2yd27csaasn9hb98ckr-just-1.43.1",
              "default": true
            },
            {
              "name": "man",
              "path": "/nix/store/j67aa2bj6ssz61x4bh0ga0z1qzzv3prp-just-1.43.1-man",
              "default": true
            },
            {
              "name": "doc",
              "path": "/nix/store/kqx5lgjwpaipi7whnydwkl72alwvn5jz-just-1.43.1-doc"
            }
          ],
          "store_path": "/nix/store/aa9459rdk1lzj2yd27csaasn9hb98ckr-just-1.43.1"
        },
        "x86_64-linux": {
          "outputs": [
            {
              "name": "out",
              "path": "/nix/store/kkmg0vkp9y4jp9yqgzrml0fgac9lfcyq-just-1.43.1",
              "default": true
            },
            {
              "name": "man",
              "path": "/nix/store/ib17hahpg1vpgh1ll0r7nb6rkmilpiil-just-1.43.1-man",
              "default": true
            },
            {
              "name": "doc",
              "path": "/nix/store/idyx9h5gmcnzzqbjb50nwf30i4g1050v-just-1.43.1-doc"
            }
          ],
          "store_path": "/nix/store/kkmg0vkp9y4jp9yqgzrml0fgac9lfcyq-just-1.43.1"
        }
      }
    },
    "lua-language-server@3.15.0": {
      "last_modified": "2025-11-23T21:50:36Z",
      "resolved": "github:NixOS/nixpkgs/ee09932cedcef15aaf476f9343d1dea2cb77e261#lua-language-server",
      "source": "devbox-search",
      "version": "3.15.0",
      "systems": {
        "aarch64-darwin": {
          "outputs": [
            {
              "name": "out",
              "path": "/nix/store/5rddfc8p6ic2cn31b1ilcjnas3lisim6-lua-language-server-3.15.0",
              "default": true
            }
          ],
          "store_path": "/nix/store/5rddfc8p6ic2cn31b1ilcjnas3lisim6-lua-language-server-3.15.0"
        },
        "aarch64-linux": {
          "outputs": [
            {
              "name": "out",
              "path": "/nix/store/lxbxapmph15bvhiwyrbrvpw7ghzh3jjn-lua-language-server-3.15.0",
              "default": true
            }
          ],
          "store_path": "/nix/store/lxbxapmph15bvhiwyrbrvpw7ghzh3jjn-lua-language-server-3.15.0"
        },
        "x86_64-darwin": {
          "outputs": [
            {
              "name": "out",
              "path": "/nix/store/7xrdxsn208ix50i6xkyd4llqlg6657sk-lua-language-server-3.15.0",
              "default": true
            }
          ],
          "store_path": "/nix/store/7xrdxsn208ix50i6xkyd4llqlg6657sk-lua-language-server-3.15.0"
        },
        "x86_64-linux": {
          "outputs": [
            {
              "name": "out",
              "path": "/nix/store/24zcxhj12kb6mvp4y16f190wjxajvdhz-lua-language-server-3.15.0",
              "default": true
            }
          ],
          "store_path": "/nix/store/24zcxhj12kb6mvp4y16f190wjxajvdhz-lua-language-server-3.15.0"
        }
      }
    },
    "ripgrep@15.1.0": {
      "last_modified": "2025-11-23T21:50:36Z",
      "resolved": "github:NixOS/nixpkgs/ee09932cedcef15aaf476f9343d1dea2cb77e261#ripgrep",
      "source": "devbox-search",
      "version": "15.1.0",
      "systems": {
        "aarch64-darwin": {
          "outputs": [
            {
              "name": "out",
              "path": "/nix/store/mhv88knw2x5qdnzl7p06wxa9bxrkgghv-ripgrep-15.1.0",
              "default": true
            }
          ],
          "store_path": "/nix/store/mhv88knw2x5qdnzl7p06wxa9bxrkgghv-ripgrep-15.1.0"
        },
        "aarch64-linux": {
          "outputs": [
            {
              "name": "out",
              "path": "/nix/store/qz4k80cgcrz0qhac0jnb19nsjgy21ind-ripgrep-15.1.0",
              "default": true
            }
          ],
          "store_path": "/nix/store/qz4k80cgcrz0qhac0jnb19nsjgy21ind-ripgrep-15.1.0"
        },
        "x86_64-darwin": {
          "outputs": [
            {
              "name": "out",
              "path": "/nix/store/78yl72h892mdxdplmnii400xm5v9ypx4-ripgrep-15.1.0",
              "default": true
            }
          ],
          "store_path": "/nix/store/78yl72h892mdxdplmnii400xm5v9ypx4-ripgrep-15.1.0"
        },
        "x86_64-linux": {
          "outputs": [
            {
              "name": "out",
              "path": "/nix/store/2fngznir58zqpvg2wl7iy5amlsbzhf9p-ripgrep-15.1.0",
              "default": true
            }
          ],
          "store_path": "/nix/store/2fngznir58zqpvg2wl7iy5amlsbzhf9p-ripgrep-15.1.0"
        }
      }
    },
    "stylua@2.3.1": {
      "last_modified": "2025-11-23T21:50:36Z",
      "resolved": "github:NixOS/nixpkgs/ee09932cedcef15aaf476f9343d1dea2cb77e261#stylua",
      "source": "devbox-search",
      "version": "2.3.1",
      "systems": {
        "aarch64-darwin": {
          "outputs": [
            {
              "name": "out",
              "path": "/nix/store/d7cwf7lfvr99p4qmbzz7gdpgz7ln7q01-stylua-2.3.1",
              "default": true
            }
          ],
          "store_path": "/nix/store/d7cwf7lfvr99p4qmbzz7gdpgz7ln7q01-stylua-2.3.1"
        },
        "aarch64-linux": {
          "outputs": [
            {
              "name": "out",
              "path": "/nix/store/hw0sqq3rrqd5rcjv9sax2v2gm7g837ar-stylua-2.3.1",
              "default": true
            }
          ],
          "store_path": "/nix/store/hw0sqq3rrqd5rcjv9sax2v2gm7g837ar-stylua-2.3.1"
        },
        "x86_64-darwin": {
          "outputs": [
            {
              "name": "out",
              "path": "/nix/store/sf3hxyw0qqd69dflrs6jk7ns0xfq1vx6-stylua-2.3.1",
              "default": true
            }
          ],
          "store_path": "/nix/store/sf3hxyw0qqd69dflrs6jk7ns0xfq1vx6-stylua-2.3.1"
        },
        "x86_64-linux": {
          "outputs": [
            {
              "name": "out",
              "path": "/nix/store/84jvcc25xzjg1k9a0nkci1dkq8886ixq-stylua-2.3.1",
              "default": true
            }
          ],
          "store_path": "/nix/store/84jvcc25xzjg1k9a0nkci1dkq8886ixq-stylua-2.3.1"
        }
      }
    },
    "vimcats@1.1.1": {
      "last_modified": "2025-11-23T21:50:36Z",
      "resolved": "github:NixOS/nixpkgs/ee09932cedcef15aaf476f9343d1dea2cb77e261#vimcats",
      "source": "devbox-search",
      "version": "1.1.1",
      "systems": {
        "aarch64-darwin": {
          "outputs": [
            {
              "name": "out",
              "path": "/nix/store/wms5pr2i1slas8m67xlz5pa4nqkvy10v-vimcats-1.1.1",
              "default": true
            }
          ],
          "store_path": "/nix/store/wms5pr2i1slas8m67xlz5pa4nqkvy10v-vimcats-1.1.1"
        },
        "aarch64-linux": {
          "outputs": [
            {
              "name": "out",
              "path": "/nix/store/aap44n7f3prqsfzql5r0inbvzi5j0rwz-vimcats-1.1.1",
              "default": true
            }
          ],
          "store_path": "/nix/store/aap44n7f3prqsfzql5r0inbvzi5j0rwz-vimcats-1.1.1"
        },
        "x86_64-darwin": {
          "outputs": [
            {
              "name": "out",
              "path": "/nix/store/m6nbln9a5c91r1v62k10x430arg62pcr-vimcats-1.1.1",
              "default": true
            }
          ],
          "store_path": "/nix/store/m6nbln9a5c91r1v62k10x430arg62pcr-vimcats-1.1.1"
        },
        "x86_64-linux": {
          "outputs": [
            {
              "name": "out",
              "path": "/nix/store/k12x8f6i8xhlwacpbagsbhximidzv6mw-vimcats-1.1.1",
              "default": true
            }
          ],
          "store_path": "/nix/store/k12x8f6i8xhlwacpbagsbhximidzv6mw-vimcats-1.1.1"
        }
      }
    }
  }
}
